// !$*UTF8*$!
{
	archiveVersion = 1;
	classes = {
	};
	objectVersion = 50;
	objects = {

/* Begin PBXBuildFile section */
		EB8FDDF62243F591009430A9 /* AppDelegate.swift in Sources */ = {isa = PBXBuildFile; fileRef = EB8FDDF52243F591009430A9 /* AppDelegate.swift */; };
		EB8FDDF82243F591009430A9 /* ViewController.swift in Sources */ = {isa = PBXBuildFile; fileRef = EB8FDDF72243F591009430A9 /* ViewController.swift */; };
		EB8FDDFB2243F591009430A9 /* Main.storyboard in Resources */ = {isa = PBXBuildFile; fileRef = EB8FDDF92243F591009430A9 /* Main.storyboard */; };
		EB8FDDFD2243F593009430A9 /* Assets.xcassets in Resources */ = {isa = PBXBuildFile; fileRef = EB8FDDFC2243F593009430A9 /* Assets.xcassets */; };
		EB8FDE002243F593009430A9 /* LaunchScreen.storyboard in Resources */ = {isa = PBXBuildFile; fileRef = EB8FDDFE2243F593009430A9 /* LaunchScreen.storyboard */; };
		EB9D10832244075D00EA0728 /* LoginViewController.swift in Sources */ = {isa = PBXBuildFile; fileRef = EB9D10822244075D00EA0728 /* LoginViewController.swift */; };
		EB9D108C2244200300EA0728 /* MenuCollectionViewController.swift in Sources */ = {isa = PBXBuildFile; fileRef = EB9D108B2244200300EA0728 /* MenuCollectionViewController.swift */; };
		EB9D108E224421C000EA0728 /* MenuCollectionViewCell.swift in Sources */ = {isa = PBXBuildFile; fileRef = EB9D108D224421C000EA0728 /* MenuCollectionViewCell.swift */; };
		EB9D1090224422EA00EA0728 /* order.png in Resources */ = {isa = PBXBuildFile; fileRef = EB9D108F224422EA00EA0728 /* order.png */; };
		EB9D109622442C0B00EA0728 /* order2.png in Resources */ = {isa = PBXBuildFile; fileRef = EB9D109522442C0B00EA0728 /* order2.png */; };
		EB9D109822442C0F00EA0728 /* profile.png in Resources */ = {isa = PBXBuildFile; fileRef = EB9D109722442C0F00EA0728 /* profile.png */; };
		EB9D10A022442F7F00EA0728 /* product.png in Resources */ = {isa = PBXBuildFile; fileRef = EB9D109922442F7E00EA0728 /* product.png */; };
		EB9D10A122442F7F00EA0728 /* contact1.png in Resources */ = {isa = PBXBuildFile; fileRef = EB9D109A22442F7E00EA0728 /* contact1.png */; };
		EB9D10A222442F7F00EA0728 /* logout.png in Resources */ = {isa = PBXBuildFile; fileRef = EB9D109B22442F7F00EA0728 /* logout.png */; };
		EB9D10A322442F7F00EA0728 /* help.png in Resources */ = {isa = PBXBuildFile; fileRef = EB9D109C22442F7F00EA0728 /* help.png */; };
		EB9D10A422442F7F00EA0728 /* cart.png in Resources */ = {isa = PBXBuildFile; fileRef = EB9D109D22442F7F00EA0728 /* cart.png */; };
		EB9D10A522442F7F00EA0728 /* contact.png in Resources */ = {isa = PBXBuildFile; fileRef = EB9D109E22442F7F00EA0728 /* contact.png */; };
		EB9D10A622442F7F00EA0728 /* profile4.png in Resources */ = {isa = PBXBuildFile; fileRef = EB9D109F22442F7F00EA0728 /* profile4.png */; };
		EB9D10AE2244558E00EA0728 /* Products.swift in Sources */ = {isa = PBXBuildFile; fileRef = EB9D10AD2244558E00EA0728 /* Products.swift */; };
		EB9D10B02244588B00EA0728 /* IDisplay.swift in Sources */ = {isa = PBXBuildFile; fileRef = EB9D10AF2244588B00EA0728 /* IDisplay.swift */; };
		EB9FDEF2224689D200D7EF55 /* ContactUsViewController.swift in Sources */ = {isa = PBXBuildFile; fileRef = EB9FDEF1224689D200D7EF55 /* ContactUsViewController.swift */; };
		EB9FDEF422468C3E00D7EF55 /* contactus.html in Resources */ = {isa = PBXBuildFile; fileRef = EB9FDEF322468C3E00D7EF55 /* contactus.html */; };
		EB9FDEF62246914300D7EF55 /* HelpViewController.swift in Sources */ = {isa = PBXBuildFile; fileRef = EB9FDEF52246914300D7EF55 /* HelpViewController.swift */; };
		EBB59ABD2245499F008CC122 /* ShippingInfo.swift in Sources */ = {isa = PBXBuildFile; fileRef = EBB59AB72245499F008CC122 /* ShippingInfo.swift */; };
		EBB59ABE2245499F008CC122 /* Customer.swift in Sources */ = {isa = PBXBuildFile; fileRef = EBB59AB82245499F008CC122 /* Customer.swift */; };
		EBB59ABF2245499F008CC122 /* OrderDetails.swift in Sources */ = {isa = PBXBuildFile; fileRef = EBB59AB92245499F008CC122 /* OrderDetails.swift */; };
		EBB59AC02245499F008CC122 /* Orders.swift in Sources */ = {isa = PBXBuildFile; fileRef = EBB59ABA2245499F008CC122 /* Orders.swift */; };
		EBB59AC4224559CA008CC122 /* SignupViewController.swift in Sources */ = {isa = PBXBuildFile; fileRef = EBB59AC3224559CA008CC122 /* SignupViewController.swift */; };
		EBB59AC8224584EA008CC122 /* ProductDetailsCollectionViewCell.swift in Sources */ = {isa = PBXBuildFile; fileRef = EBB59AC7224584EA008CC122 /* ProductDetailsCollectionViewCell.swift */; };
		EBB59ACA22458C69008CC122 /* ProductDetailsViewController.swift in Sources */ = {isa = PBXBuildFile; fileRef = EBB59AC922458C69008CC122 /* ProductDetailsViewController.swift */; };
		EBB59AE42245A5F4008CC122 /* iphone7p.png in Resources */ = {isa = PBXBuildFile; fileRef = EBB59ADF2245A5F3008CC122 /* iphone7p.png */; };
		EBB59AE62245A5F4008CC122 /* hdd.png in Resources */ = {isa = PBXBuildFile; fileRef = EBB59AE12245A5F3008CC122 /* hdd.png */; };
		EBB59AE72245A5F4008CC122 /* monitor.png in Resources */ = {isa = PBXBuildFile; fileRef = EBB59AE22245A5F3008CC122 /* monitor.png */; };
		EBB59AE82245A5F4008CC122 /* pendrive.png in Resources */ = {isa = PBXBuildFile; fileRef = EBB59AE32245A5F4008CC122 /* pendrive.png */; };
		EBB59AEA2245A867008CC122 /* earpods.jpg in Resources */ = {isa = PBXBuildFile; fileRef = EBB59AE92245A867008CC122 /* earpods.jpg */; };
		EBD49DD62245EA3D002F146D /* ShoppingCart.swift in Sources */ = {isa = PBXBuildFile; fileRef = EBD49DD52245EA3D002F146D /* ShoppingCart.swift */; };
		EBD49DDA2245F7DD002F146D /* Extra.swift in Sources */ = {isa = PBXBuildFile; fileRef = EBD49DD92245F7DD002F146D /* Extra.swift */; };
		EBD49DDC22460823002F146D /* ViewCartViewController.swift in Sources */ = {isa = PBXBuildFile; fileRef = EBD49DDB22460823002F146D /* ViewCartViewController.swift */; };
		EBD49DDE2246083D002F146D /* ViewCartTableViewCell.swift in Sources */ = {isa = PBXBuildFile; fileRef = EBD49DDD2246083D002F146D /* ViewCartTableViewCell.swift */; };
/* End PBXBuildFile section */

/* Begin PBXFileReference section */
		EB8FDDF22243F591009430A9 /* W2019_MAD_3115_Group-11_IOS_Project.app */ = {isa = PBXFileReference; explicitFileType = wrapper.application; includeInIndex = 0; path = "W2019_MAD_3115_Group-11_IOS_Project.app"; sourceTree = BUILT_PRODUCTS_DIR; };
		EB8FDDF52243F591009430A9 /* AppDelegate.swift */ = {isa = PBXFileReference; lastKnownFileType = sourcecode.swift; path = AppDelegate.swift; sourceTree = "<group>"; };
		EB8FDDF72243F591009430A9 /* ViewController.swift */ = {isa = PBXFileReference; lastKnownFileType = sourcecode.swift; path = ViewController.swift; sourceTree = "<group>"; };
		EB8FDDFA2243F591009430A9 /* Base */ = {isa = PBXFileReference; lastKnownFileType = file.storyboard; name = Base; path = Base.lproj/Main.storyboard; sourceTree = "<group>"; };
		EB8FDDFC2243F593009430A9 /* Assets.xcassets */ = {isa = PBXFileReference; lastKnownFileType = folder.assetcatalog; path = Assets.xcassets; sourceTree = "<group>"; };
		EB8FDDFF2243F593009430A9 /* Base */ = {isa = PBXFileReference; lastKnownFileType = file.storyboard; name = Base; path = Base.lproj/LaunchScreen.storyboard; sourceTree = "<group>"; };
		EB8FDE012243F593009430A9 /* Info.plist */ = {isa = PBXFileReference; lastKnownFileType = text.plist.xml; path = Info.plist; sourceTree = "<group>"; };
		EB9D10822244075D00EA0728 /* LoginViewController.swift */ = {isa = PBXFileReference; lastKnownFileType = sourcecode.swift; path = LoginViewController.swift; sourceTree = "<group>"; };
		EB9D108B2244200300EA0728 /* MenuCollectionViewController.swift */ = {isa = PBXFileReference; lastKnownFileType = sourcecode.swift; path = MenuCollectionViewController.swift; sourceTree = "<group>"; };
		EB9D108D224421C000EA0728 /* MenuCollectionViewCell.swift */ = {isa = PBXFileReference; lastKnownFileType = sourcecode.swift; path = MenuCollectionViewCell.swift; sourceTree = "<group>"; };
		EB9D108F224422EA00EA0728 /* order.png */ = {isa = PBXFileReference; lastKnownFileType = image.png; path = order.png; sourceTree = "<group>"; };
		EB9D109522442C0B00EA0728 /* order2.png */ = {isa = PBXFileReference; lastKnownFileType = image.png; path = order2.png; sourceTree = "<group>"; };
		EB9D109722442C0F00EA0728 /* profile.png */ = {isa = PBXFileReference; lastKnownFileType = image.png; path = profile.png; sourceTree = "<group>"; };
		EB9D109922442F7E00EA0728 /* product.png */ = {isa = PBXFileReference; lastKnownFileType = image.png; path = product.png; sourceTree = "<group>"; };
		EB9D109A22442F7E00EA0728 /* contact1.png */ = {isa = PBXFileReference; lastKnownFileType = image.png; path = contact1.png; sourceTree = "<group>"; };
		EB9D109B22442F7F00EA0728 /* logout.png */ = {isa = PBXFileReference; lastKnownFileType = image.png; path = logout.png; sourceTree = "<group>"; };
		EB9D109C22442F7F00EA0728 /* help.png */ = {isa = PBXFileReference; lastKnownFileType = image.png; path = help.png; sourceTree = "<group>"; };
		EB9D109D22442F7F00EA0728 /* cart.png */ = {isa = PBXFileReference; lastKnownFileType = image.png; path = cart.png; sourceTree = "<group>"; };
		EB9D109E22442F7F00EA0728 /* contact.png */ = {isa = PBXFileReference; lastKnownFileType = image.png; path = contact.png; sourceTree = "<group>"; };
		EB9D109F22442F7F00EA0728 /* profile4.png */ = {isa = PBXFileReference; lastKnownFileType = image.png; path = profile4.png; sourceTree = "<group>"; };
		EB9D10AD2244558E00EA0728 /* Products.swift */ = {isa = PBXFileReference; lastKnownFileType = sourcecode.swift; path = Products.swift; sourceTree = "<group>"; };
		EB9D10AF2244588B00EA0728 /* IDisplay.swift */ = {isa = PBXFileReference; lastKnownFileType = sourcecode.swift; path = IDisplay.swift; sourceTree = "<group>"; };
		EB9FDEF1224689D200D7EF55 /* ContactUsViewController.swift */ = {isa = PBXFileReference; lastKnownFileType = sourcecode.swift; path = ContactUsViewController.swift; sourceTree = "<group>"; };
		EB9FDEF322468C3E00D7EF55 /* contactus.html */ = {isa = PBXFileReference; lastKnownFileType = text.html; path = contactus.html; sourceTree = "<group>"; };
		EB9FDEF52246914300D7EF55 /* HelpViewController.swift */ = {isa = PBXFileReference; lastKnownFileType = sourcecode.swift; path = HelpViewController.swift; sourceTree = "<group>"; };
		EBB59AB72245499F008CC122 /* ShippingInfo.swift */ = {isa = PBXFileReference; fileEncoding = 4; lastKnownFileType = sourcecode.swift; path = ShippingInfo.swift; sourceTree = "<group>"; };
		EBB59AB82245499F008CC122 /* Customer.swift */ = {isa = PBXFileReference; fileEncoding = 4; lastKnownFileType = sourcecode.swift; path = Customer.swift; sourceTree = "<group>"; };
		EBB59AB92245499F008CC122 /* OrderDetails.swift */ = {isa = PBXFileReference; fileEncoding = 4; lastKnownFileType = sourcecode.swift; path = OrderDetails.swift; sourceTree = "<group>"; };
		EBB59ABA2245499F008CC122 /* Orders.swift */ = {isa = PBXFileReference; fileEncoding = 4; lastKnownFileType = sourcecode.swift; path = Orders.swift; sourceTree = "<group>"; };
		EBB59AC3224559CA008CC122 /* SignupViewController.swift */ = {isa = PBXFileReference; lastKnownFileType = sourcecode.swift; path = SignupViewController.swift; sourceTree = "<group>"; };
		EBB59AC7224584EA008CC122 /* ProductDetailsCollectionViewCell.swift */ = {isa = PBXFileReference; lastKnownFileType = sourcecode.swift; path = ProductDetailsCollectionViewCell.swift; sourceTree = "<group>"; };
		EBB59AC922458C69008CC122 /* ProductDetailsViewController.swift */ = {isa = PBXFileReference; lastKnownFileType = sourcecode.swift; path = ProductDetailsViewController.swift; sourceTree = "<group>"; };
		EBB59ADF2245A5F3008CC122 /* iphone7p.png */ = {isa = PBXFileReference; lastKnownFileType = image.png; path = iphone7p.png; sourceTree = "<group>"; };
		EBB59AE12245A5F3008CC122 /* hdd.png */ = {isa = PBXFileReference; lastKnownFileType = image.png; path = hdd.png; sourceTree = "<group>"; };
		EBB59AE22245A5F3008CC122 /* monitor.png */ = {isa = PBXFileReference; lastKnownFileType = image.png; path = monitor.png; sourceTree = "<group>"; };
		EBB59AE32245A5F4008CC122 /* pendrive.png */ = {isa = PBXFileReference; lastKnownFileType = image.png; path = pendrive.png; sourceTree = "<group>"; };
		EBB59AE92245A867008CC122 /* earpods.jpg */ = {isa = PBXFileReference; lastKnownFileType = image.jpeg; path = earpods.jpg; sourceTree = "<group>"; };
		EBD49DD52245EA3D002F146D /* ShoppingCart.swift */ = {isa = PBXFileReference; lastKnownFileType = sourcecode.swift; path = ShoppingCart.swift; sourceTree = "<group>"; };
		EBD49DD92245F7DD002F146D /* Extra.swift */ = {isa = PBXFileReference; lastKnownFileType = sourcecode.swift; path = Extra.swift; sourceTree = "<group>"; };
		EBD49DDB22460823002F146D /* ViewCartViewController.swift */ = {isa = PBXFileReference; lastKnownFileType = sourcecode.swift; path = ViewCartViewController.swift; sourceTree = "<group>"; };
		EBD49DDD2246083D002F146D /* ViewCartTableViewCell.swift */ = {isa = PBXFileReference; lastKnownFileType = sourcecode.swift; path = ViewCartTableViewCell.swift; sourceTree = "<group>"; };
/* End PBXFileReference section */

/* Begin PBXFrameworksBuildPhase section */
		EB8FDDEF2243F591009430A9 /* Frameworks */ = {
			isa = PBXFrameworksBuildPhase;
			buildActionMask = 2147483647;
			files = (
			);
			runOnlyForDeploymentPostprocessing = 0;
		};
/* End PBXFrameworksBuildPhase section */

/* Begin PBXGroup section */
		EB8FDDE92243F591009430A9 = {
			isa = PBXGroup;
			children = (
				EB8FDDF42243F591009430A9 /* W2019_MAD_3115_Group-11_IOS_Project */,
				EB8FDDF32243F591009430A9 /* Products */,
			);
			sourceTree = "<group>";
		};
		EB8FDDF32243F591009430A9 /* Products */ = {
			isa = PBXGroup;
			children = (
				EB8FDDF22243F591009430A9 /* W2019_MAD_3115_Group-11_IOS_Project.app */,
			);
			name = Products;
			sourceTree = "<group>";
		};
		EB8FDDF42243F591009430A9 /* W2019_MAD_3115_Group-11_IOS_Project */ = {
			isa = PBXGroup;
			children = (
				EB9D10812244073500EA0728 /* Protocols */,
				EB9D10802244072400EA0728 /* Controller */,
				EB9D107F2244071600EA0728 /* Modal */,
				EB8FDDF52243F591009430A9 /* AppDelegate.swift */,
				EB8FDDF72243F591009430A9 /* ViewController.swift */,
				EB8FDDF92243F591009430A9 /* Main.storyboard */,
				EB8FDDFC2243F593009430A9 /* Assets.xcassets */,
				EB9D1086224413FA00EA0728 /* Images */,
				EB8FDDFE2243F593009430A9 /* LaunchScreen.storyboard */,
				EB8FDE012243F593009430A9 /* Info.plist */,
				EB9FDEF322468C3E00D7EF55 /* contactus.html */,
			);
			path = "W2019_MAD_3115_Group-11_IOS_Project";
			sourceTree = "<group>";
		};
		EB9D107F2244071600EA0728 /* Modal */ = {
			isa = PBXGroup;
			children = (
				EBB59AB72245499F008CC122 /* ShippingInfo.swift */,
				EBB59AB82245499F008CC122 /* Customer.swift */,
				EBB59AB92245499F008CC122 /* OrderDetails.swift */,
				EBB59ABA2245499F008CC122 /* Orders.swift */,
				EB9D10AD2244558E00EA0728 /* Products.swift */,
				EBD49DD52245EA3D002F146D /* ShoppingCart.swift */,
				EBD49DD92245F7DD002F146D /* Extra.swift */,
			);
			path = Modal;
			sourceTree = "<group>";
		};
		EB9D10802244072400EA0728 /* Controller */ = {
			isa = PBXGroup;
			children = (
				EB9D10822244075D00EA0728 /* LoginViewController.swift */,
				EB9D108B2244200300EA0728 /* MenuCollectionViewController.swift */,
				EB9D108D224421C000EA0728 /* MenuCollectionViewCell.swift */,
				EBB59AC3224559CA008CC122 /* SignupViewController.swift */,
				EBB59AC922458C69008CC122 /* ProductDetailsViewController.swift */,
				EBB59AC7224584EA008CC122 /* ProductDetailsCollectionViewCell.swift */,
				EBD49DDB22460823002F146D /* ViewCartViewController.swift */,
				EBD49DDD2246083D002F146D /* ViewCartTableViewCell.swift */,
				EB9FDEF1224689D200D7EF55 /* ContactUsViewController.swift */,
				EB9FDEF52246914300D7EF55 /* HelpViewController.swift */,
			);
			path = Controller;
			sourceTree = "<group>";
		};
		EB9D10812244073500EA0728 /* Protocols */ = {
			isa = PBXGroup;
			children = (
				EB9D10AF2244588B00EA0728 /* IDisplay.swift */,
			);
			path = Protocols;
			sourceTree = "<group>";
		};
		EB9D1086224413FA00EA0728 /* Images */ = {
			isa = PBXGroup;
			children = (
				EBB59AE92245A867008CC122 /* earpods.jpg */,
				EBB59AE12245A5F3008CC122 /* hdd.png */,
				EBB59ADF2245A5F3008CC122 /* iphone7p.png */,
				EBB59AE22245A5F3008CC122 /* monitor.png */,
				EBB59AE32245A5F4008CC122 /* pendrive.png */,
				EB9D109D22442F7F00EA0728 /* cart.png */,
				EB9D109E22442F7F00EA0728 /* contact.png */,
				EB9D109A22442F7E00EA0728 /* contact1.png */,
				EB9D109C22442F7F00EA0728 /* help.png */,
				EB9D109B22442F7F00EA0728 /* logout.png */,
				EB9D109922442F7E00EA0728 /* product.png */,
				EB9D109F22442F7F00EA0728 /* profile4.png */,
				EB9D109722442C0F00EA0728 /* profile.png */,
				EB9D109522442C0B00EA0728 /* order2.png */,
				EB9D108F224422EA00EA0728 /* order.png */,
			);
			path = Images;
			sourceTree = "<group>";
		};
/* End PBXGroup section */

/* Begin PBXNativeTarget section */
		EB8FDDF12243F591009430A9 /* W2019_MAD_3115_Group-11_IOS_Project */ = {
			isa = PBXNativeTarget;
			buildConfigurationList = EB8FDE042243F593009430A9 /* Build configuration list for PBXNativeTarget "W2019_MAD_3115_Group-11_IOS_Project" */;
			buildPhases = (
				EB8FDDEE2243F591009430A9 /* Sources */,
				EB8FDDEF2243F591009430A9 /* Frameworks */,
				EB8FDDF02243F591009430A9 /* Resources */,
			);
			buildRules = (
			);
			dependencies = (
			);
			name = "W2019_MAD_3115_Group-11_IOS_Project";
			productName = "W2019_MAD_3115_Group-11_IOS_Project";
			productReference = EB8FDDF22243F591009430A9 /* W2019_MAD_3115_Group-11_IOS_Project.app */;
			productType = "com.apple.product-type.application";
		};
/* End PBXNativeTarget section */

/* Begin PBXProject section */
		EB8FDDEA2243F591009430A9 /* Project object */ = {
			isa = PBXProject;
			attributes = {
				LastSwiftUpdateCheck = 1010;
				LastUpgradeCheck = 1010;
				ORGANIZATIONNAME = Owner;
				TargetAttributes = {
					EB8FDDF12243F591009430A9 = {
						CreatedOnToolsVersion = 10.1;
					};
				};
			};
			buildConfigurationList = EB8FDDED2243F591009430A9 /* Build configuration list for PBXProject "W2019_MAD_3115_Group-11_IOS_Project" */;
			compatibilityVersion = "Xcode 9.3";
			developmentRegion = en;
			hasScannedForEncodings = 0;
			knownRegions = (
				en,
				Base,
			);
			mainGroup = EB8FDDE92243F591009430A9;
			productRefGroup = EB8FDDF32243F591009430A9 /* Products */;
			projectDirPath = "";
			projectRoot = "";
			targets = (
				EB8FDDF12243F591009430A9 /* W2019_MAD_3115_Group-11_IOS_Project */,
			);
		};
/* End PBXProject section */

/* Begin PBXResourcesBuildPhase section */
		EB8FDDF02243F591009430A9 /* Resources */ = {
			isa = PBXResourcesBuildPhase;
			buildActionMask = 2147483647;
			files = (
				EBB59AEA2245A867008CC122 /* earpods.jpg in Resources */,
				EB9D10A622442F7F00EA0728 /* profile4.png in Resources */,
				EB8FDE002243F593009430A9 /* LaunchScreen.storyboard in Resources */,
				EB9D109822442C0F00EA0728 /* profile.png in Resources */,
				EB8FDDFD2243F593009430A9 /* Assets.xcassets in Resources */,
				EB9D10A422442F7F00EA0728 /* cart.png in Resources */,
				EB8FDDFB2243F591009430A9 /* Main.storyboard in Resources */,
				EBB59AE72245A5F4008CC122 /* monitor.png in Resources */,
				EB9D10A122442F7F00EA0728 /* contact1.png in Resources */,
				EBB59AE42245A5F4008CC122 /* iphone7p.png in Resources */,
				EB9D10A522442F7F00EA0728 /* contact.png in Resources */,
				EBB59AE62245A5F4008CC122 /* hdd.png in Resources */,
				EB9D1090224422EA00EA0728 /* order.png in Resources */,
				EB9FDEF422468C3E00D7EF55 /* contactus.html in Resources */,
				EB9D10A322442F7F00EA0728 /* help.png in Resources */,
				EB9D10A022442F7F00EA0728 /* product.png in Resources */,
				EB9D109622442C0B00EA0728 /* order2.png in Resources */,
				EBB59AE82245A5F4008CC122 /* pendrive.png in Resources */,
				EB9D10A222442F7F00EA0728 /* logout.png in Resources */,
			);
			runOnlyForDeploymentPostprocessing = 0;
		};
/* End PBXResourcesBuildPhase section */

/* Begin PBXSourcesBuildPhase section */
		EB8FDDEE2243F591009430A9 /* Sources */ = {
			isa = PBXSourcesBuildPhase;
			buildActionMask = 2147483647;
			files = (
				EB9D10832244075D00EA0728 /* LoginViewController.swift in Sources */,
				EB9D108C2244200300EA0728 /* MenuCollectionViewController.swift in Sources */,
				EBB59ACA22458C69008CC122 /* ProductDetailsViewController.swift in Sources */,
				EBB59AC02245499F008CC122 /* Orders.swift in Sources */,
				EB8FDDF82243F591009430A9 /* ViewController.swift in Sources */,
				EBB59ABD2245499F008CC122 /* ShippingInfo.swift in Sources */,
				EB9FDEF2224689D200D7EF55 /* ContactUsViewController.swift in Sources */,
				EBD49DDC22460823002F146D /* ViewCartViewController.swift in Sources */,
				EB9D10AE2244558E00EA0728 /* Products.swift in Sources */,
				EBB59ABF2245499F008CC122 /* OrderDetails.swift in Sources */,
				EB8FDDF62243F591009430A9 /* AppDelegate.swift in Sources */,
				EBB59AC8224584EA008CC122 /* ProductDetailsCollectionViewCell.swift in Sources */,
				EBD49DDA2245F7DD002F146D /* Extra.swift in Sources */,
				EBD49DD62245EA3D002F146D /* ShoppingCart.swift in Sources */,
				EBB59AC4224559CA008CC122 /* SignupViewController.swift in Sources */,
				EBD49DDE2246083D002F146D /* ViewCartTableViewCell.swift in Sources */,
				EBB59ABE2245499F008CC122 /* Customer.swift in Sources */,
				EB9D108E224421C000EA0728 /* MenuCollectionViewCell.swift in Sources */,
				EB9D10B02244588B00EA0728 /* IDisplay.swift in Sources */,
				EB9FDEF62246914300D7EF55 /* HelpViewController.swift in Sources */,
			);
			runOnlyForDeploymentPostprocessing = 0;
		};
/* End PBXSourcesBuildPhase section */

/* Begin PBXVariantGroup section */
		EB8FDDF92243F591009430A9 /* Main.storyboard */ = {
			isa = PBXVariantGroup;
			children = (
				EB8FDDFA2243F591009430A9 /* Base */,
			);
			name = Main.storyboard;
			sourceTree = "<group>";
		};
		EB8FDDFE2243F593009430A9 /* LaunchScreen.storyboard */ = {
			isa = PBXVariantGroup;
			children = (
				EB8FDDFF2243F593009430A9 /* Base */,
			);
			name = LaunchScreen.storyboard;
			sourceTree = "<group>";
		};
/* End PBXVariantGroup section */

/* Begin XCBuildConfiguration section */
		EB8FDE022243F593009430A9 /* Debug */ = {
			isa = XCBuildConfiguration;
			buildSettings = {
				ALWAYS_SEARCH_USER_PATHS = NO;
				CLANG_ANALYZER_NONNULL = YES;
				CLANG_ANALYZER_NUMBER_OBJECT_CONVERSION = YES_AGGRESSIVE;
				CLANG_CXX_LANGUAGE_STANDARD = "gnu++14";
				CLANG_CXX_LIBRARY = "libc++";
				CLANG_ENABLE_MODULES = YES;
				CLANG_ENABLE_OBJC_ARC = YES;
				CLANG_ENABLE_OBJC_WEAK = YES;
				CLANG_WARN_BLOCK_CAPTURE_AUTORELEASING = YES;
				CLANG_WARN_BOOL_CONVERSION = YES;
				CLANG_WARN_COMMA = YES;
				CLANG_WARN_CONSTANT_CONVERSION = YES;
				CLANG_WARN_DEPRECATED_OBJC_IMPLEMENTATIONS = YES;
				CLANG_WARN_DIRECT_OBJC_ISA_USAGE = YES_ERROR;
				CLANG_WARN_DOCUMENTATION_COMMENTS = YES;
				CLANG_WARN_EMPTY_BODY = YES;
				CLANG_WARN_ENUM_CONVERSION = YES;
				CLANG_WARN_INFINITE_RECURSION = YES;
				CLANG_WARN_INT_CONVERSION = YES;
				CLANG_WARN_NON_LITERAL_NULL_CONVERSION = YES;
				CLANG_WARN_OBJC_IMPLICIT_RETAIN_SELF = YES;
				CLANG_WARN_OBJC_LITERAL_CONVERSION = YES;
				CLANG_WARN_OBJC_ROOT_CLASS = YES_ERROR;
				CLANG_WARN_RANGE_LOOP_ANALYSIS = YES;
				CLANG_WARN_STRICT_PROTOTYPES = YES;
				CLANG_WARN_SUSPICIOUS_MOVE = YES;
				CLANG_WARN_UNGUARDED_AVAILABILITY = YES_AGGRESSIVE;
				CLANG_WARN_UNREACHABLE_CODE = YES;
				CLANG_WARN__DUPLICATE_METHOD_MATCH = YES;
				CODE_SIGN_IDENTITY = "iPhone Developer";
				COPY_PHASE_STRIP = NO;
				DEBUG_INFORMATION_FORMAT = dwarf;
				ENABLE_STRICT_OBJC_MSGSEND = YES;
				ENABLE_TESTABILITY = YES;
				GCC_C_LANGUAGE_STANDARD = gnu11;
				GCC_DYNAMIC_NO_PIC = NO;
				GCC_NO_COMMON_BLOCKS = YES;
				GCC_OPTIMIZATION_LEVEL = 0;
				GCC_PREPROCESSOR_DEFINITIONS = (
					"DEBUG=1",
					"$(inherited)",
				);
				GCC_WARN_64_TO_32_BIT_CONVERSION = YES;
				GCC_WARN_ABOUT_RETURN_TYPE = YES_ERROR;
				GCC_WARN_UNDECLARED_SELECTOR = YES;
				GCC_WARN_UNINITIALIZED_AUTOS = YES_AGGRESSIVE;
				GCC_WARN_UNUSED_FUNCTION = YES;
				GCC_WARN_UNUSED_VARIABLE = YES;
				IPHONEOS_DEPLOYMENT_TARGET = 12.1;
				MTL_ENABLE_DEBUG_INFO = INCLUDE_SOURCE;
				MTL_FAST_MATH = YES;
				ONLY_ACTIVE_ARCH = YES;
				SDKROOT = iphoneos;
				SWIFT_ACTIVE_COMPILATION_CONDITIONS = DEBUG;
				SWIFT_OPTIMIZATION_LEVEL = "-Onone";
			};
			name = Debug;
		};
		EB8FDE032243F593009430A9 /* Release */ = {
			isa = XCBuildConfiguration;
			buildSettings = {
				ALWAYS_SEARCH_USER_PATHS = NO;
				CLANG_ANALYZER_NONNULL = YES;
				CLANG_ANALYZER_NUMBER_OBJECT_CONVERSION = YES_AGGRESSIVE;
				CLANG_CXX_LANGUAGE_STANDARD = "gnu++14";
				CLANG_CXX_LIBRARY = "libc++";
				CLANG_ENABLE_MODULES = YES;
				CLANG_ENABLE_OBJC_ARC = YES;
				CLANG_ENABLE_OBJC_WEAK = YES;
				CLANG_WARN_BLOCK_CAPTURE_AUTORELEASING = YES;
				CLANG_WARN_BOOL_CONVERSION = YES;
				CLANG_WARN_COMMA = YES;
				CLANG_WARN_CONSTANT_CONVERSION = YES;
				CLANG_WARN_DEPRECATED_OBJC_IMPLEMENTATIONS = YES;
				CLANG_WARN_DIRECT_OBJC_ISA_USAGE = YES_ERROR;
				CLANG_WARN_DOCUMENTATION_COMMENTS = YES;
				CLANG_WARN_EMPTY_BODY = YES;
				CLANG_WARN_ENUM_CONVERSION = YES;
				CLANG_WARN_INFINITE_RECURSION = YES;
				CLANG_WARN_INT_CONVERSION = YES;
				CLANG_WARN_NON_LITERAL_NULL_CONVERSION = YES;
				CLANG_WARN_OBJC_IMPLICIT_RETAIN_SELF = YES;
				CLANG_WARN_OBJC_LITERAL_CONVERSION = YES;
				CLANG_WARN_OBJC_ROOT_CLASS = YES_ERROR;
				CLANG_WARN_RANGE_LOOP_ANALYSIS = YES;
				CLANG_WARN_STRICT_PROTOTYPES = YES;
				CLANG_WARN_SUSPICIOUS_MOVE = YES;
				CLANG_WARN_UNGUARDED_AVAILABILITY = YES_AGGRESSIVE;
				CLANG_WARN_UNREACHABLE_CODE = YES;
				CLANG_WARN__DUPLICATE_METHOD_MATCH = YES;
				CODE_SIGN_IDENTITY = "iPhone Developer";
				COPY_PHASE_STRIP = NO;
				DEBUG_INFORMATION_FORMAT = "dwarf-with-dsym";
				ENABLE_NS_ASSERTIONS = NO;
				ENABLE_STRICT_OBJC_MSGSEND = YES;
				GCC_C_LANGUAGE_STANDARD = gnu11;
				GCC_NO_COMMON_BLOCKS = YES;
				GCC_WARN_64_TO_32_BIT_CONVERSION = YES;
				GCC_WARN_ABOUT_RETURN_TYPE = YES_ERROR;
				GCC_WARN_UNDECLARED_SELECTOR = YES;
				GCC_WARN_UNINITIALIZED_AUTOS = YES_AGGRESSIVE;
				GCC_WARN_UNUSED_FUNCTION = YES;
				GCC_WARN_UNUSED_VARIABLE = YES;
				IPHONEOS_DEPLOYMENT_TARGET = 12.1;
				MTL_ENABLE_DEBUG_INFO = NO;
				MTL_FAST_MATH = YES;
				SDKROOT = iphoneos;
				SWIFT_COMPILATION_MODE = wholemodule;
				SWIFT_OPTIMIZATION_LEVEL = "-O";
				VALIDATE_PRODUCT = YES;
			};
			name = Release;
		};
		EB8FDE052243F593009430A9 /* Debug */ = {
			isa = XCBuildConfiguration;
			buildSettings = {
				ASSETCATALOG_COMPILER_APPICON_NAME = AppIcon;
				CODE_SIGN_STYLE = Automatic;
				DEVELOPMENT_TEAM = GQ98VVU7H4;
				INFOPLIST_FILE = "W2019_MAD_3115_Group-11_IOS_Project/Info.plist";
				LD_RUNPATH_SEARCH_PATHS = (
					"$(inherited)",
					"@executable_path/Frameworks",
				);
				PRODUCT_BUNDLE_IDENTIFIER = "sam.W2019-MAD-3115-Group-11-IOS-Project";
				PRODUCT_NAME = "$(TARGET_NAME)";
				SWIFT_VERSION = 4.2;
				TARGETED_DEVICE_FAMILY = "1,2";
			};
			name = Debug;
		};
		EB8FDE062243F593009430A9 /* Release */ = {
			isa = XCBuildConfiguration;
			buildSettings = {
				ASSETCATALOG_COMPILER_APPICON_NAME = AppIcon;
				CODE_SIGN_STYLE = Automatic;
				DEVELOPMENT_TEAM = GQ98VVU7H4;
				INFOPLIST_FILE = "W2019_MAD_3115_Group-11_IOS_Project/Info.plist";
				LD_RUNPATH_SEARCH_PATHS = (
					"$(inherited)",
					"@executable_path/Frameworks",
				);
				PRODUCT_BUNDLE_IDENTIFIER = "sam.W2019-MAD-3115-Group-11-IOS-Project";
				PRODUCT_NAME = "$(TARGET_NAME)";
				SWIFT_VERSION = 4.2;
				TARGETED_DEVICE_FAMILY = "1,2";
			};
			name = Release;
		};
/* End XCBuildConfiguration section */

/* Begin XCConfigurationList section */
		EB8FDDED2243F591009430A9 /* Build configuration list for PBXProject "W2019_MAD_3115_Group-11_IOS_Project" */ = {
			isa = XCConfigurationList;
			buildConfigurations = (
				EB8FDE022243F593009430A9 /* Debug */,
				EB8FDE032243F593009430A9 /* Release */,
			);
			defaultConfigurationIsVisible = 0;
			defaultConfigurationName = Release;
		};
		EB8FDE042243F593009430A9 /* Build configuration list for PBXNativeTarget "W2019_MAD_3115_Group-11_IOS_Project" */ = {
			isa = XCConfigurationList;
			buildConfigurations = (
				EB8FDE052243F593009430A9 /* Debug */,
				EB8FDE062243F593009430A9 /* Release */,
			);
			defaultConfigurationIsVisible = 0;
			defaultConfigurationName = Release;
		};
/* End XCConfigurationList section */
	};
	rootObject = EB8FDDEA2243F591009430A9 /* Project object */;
}
